// !$*UTF8*$!
{
	archiveVersion = 1;
	classes = {
	};
	objectVersion = 56;
	objects = {

/* Begin PBXBuildFile section */
		DB2499DF288BECD000B35BDE /* GoogleSignIn in Frameworks */ = {isa = PBXBuildFile; productRef = DB2499DE288BECD000B35BDE /* GoogleSignIn */; };
		DB2499E1288BEDC700B35BDE /* AuthVM.swift in Sources */ = {isa = PBXBuildFile; fileRef = DB2499E0288BEDC700B35BDE /* AuthVM.swift */; };
		DB2499E4288BEEB400B35BDE /* Application.swift in Sources */ = {isa = PBXBuildFile; fileRef = DB2499E3288BEEB400B35BDE /* Application.swift */; };
		DB2499E6288BFA7900B35BDE /* AuthView.swift in Sources */ = {isa = PBXBuildFile; fileRef = DB2499E5288BFA7900B35BDE /* AuthView.swift */; };
		DB2499E9288BFCAA00B35BDE /* HomeView.swift in Sources */ = {isa = PBXBuildFile; fileRef = DB2499E8288BFCAA00B35BDE /* HomeView.swift */; };
		DB2499EC288C104400B35BDE /* FirebaseService in Frameworks */ = {isa = PBXBuildFile; productRef = DB2499EB288C104400B35BDE /* FirebaseService */; };
		DB2499EF288C4FD900B35BDE /* HomeHeader.swift in Sources */ = {isa = PBXBuildFile; fileRef = DB2499EE288C4FD900B35BDE /* HomeHeader.swift */; };
		DB2499F1288C72AB00B35BDE /* FetchData.swift in Sources */ = {isa = PBXBuildFile; fileRef = DB2499F0288C72AB00B35BDE /* FetchData.swift */; };
		DB2499F3288C730F00B35BDE /* HomeVM.swift in Sources */ = {isa = PBXBuildFile; fileRef = DB2499F2288C730F00B35BDE /* HomeVM.swift */; };
		DB2499F6288D5FEB00B35BDE /* Constants.swift in Sources */ = {isa = PBXBuildFile; fileRef = DB2499F5288D5FEB00B35BDE /* Constants.swift */; };
		DB2499F9288D626200B35BDE /* APIModel.swift in Sources */ = {isa = PBXBuildFile; fileRef = DB2499F8288D626200B35BDE /* APIModel.swift */; };
		DB2499FB288D66B000B35BDE /* LoadingIndicator.swift in Sources */ = {isa = PBXBuildFile; fileRef = DB2499FA288D66B000B35BDE /* LoadingIndicator.swift */; };
		DB2499FD288D6FD200B35BDE /* Categories.swift in Sources */ = {isa = PBXBuildFile; fileRef = DB2499FC288D6FD200B35BDE /* Categories.swift */; };
		DB2499FF288D76A700B35BDE /* ProfileView.swift in Sources */ = {isa = PBXBuildFile; fileRef = DB2499FE288D76A700B35BDE /* ProfileView.swift */; };
		DB249A01288D8F3200B35BDE /* FeaturedMealCard.swift in Sources */ = {isa = PBXBuildFile; fileRef = DB249A00288D8F3200B35BDE /* FeaturedMealCard.swift */; };
		DB249A05288ECE3E00B35BDE /* RecipeDetailsView.swift in Sources */ = {isa = PBXBuildFile; fileRef = DB249A04288ECE3E00B35BDE /* RecipeDetailsView.swift */; };
		DB249A07288ED32800B35BDE /* NutrientStickers.swift in Sources */ = {isa = PBXBuildFile; fileRef = DB249A06288ED32800B35BDE /* NutrientStickers.swift */; };
		DB9198D4288AB21C00E66A64 /* YummiesApp.swift in Sources */ = {isa = PBXBuildFile; fileRef = DB9198D3288AB21C00E66A64 /* YummiesApp.swift */; };
		DB9198D6288AB21C00E66A64 /* ContentView.swift in Sources */ = {isa = PBXBuildFile; fileRef = DB9198D5288AB21C00E66A64 /* ContentView.swift */; };
		DB9198D8288AB21F00E66A64 /* Assets.xcassets in Resources */ = {isa = PBXBuildFile; fileRef = DB9198D7288AB21F00E66A64 /* Assets.xcassets */; };
		DB9198DB288AB21F00E66A64 /* Preview Assets.xcassets in Resources */ = {isa = PBXBuildFile; fileRef = DB9198DA288AB21F00E66A64 /* Preview Assets.xcassets */; };
		DB943D2D288AD18B0035ECD5 /* GoogleService-Info.plist in Resources */ = {isa = PBXBuildFile; fileRef = DB943D2C288AD18B0035ECD5 /* GoogleService-Info.plist */; };
		DB943D30288AD2E90035ECD5 /* FirebaseAuth in Frameworks */ = {isa = PBXBuildFile; productRef = DB943D2F288AD2E90035ECD5 /* FirebaseAuth */; };
		DB943D32288AD2E90035ECD5 /* FirebaseDatabase in Frameworks */ = {isa = PBXBuildFile; productRef = DB943D31288AD2E90035ECD5 /* FirebaseDatabase */; };
		DB943D34288AD2E90035ECD5 /* FirebaseFirestore in Frameworks */ = {isa = PBXBuildFile; productRef = DB943D33288AD2E90035ECD5 /* FirebaseFirestore */; };
		DB943D36288AD2E90035ECD5 /* FirebaseFirestoreCombine-Community in Frameworks */ = {isa = PBXBuildFile; productRef = DB943D35288AD2E90035ECD5 /* FirebaseFirestoreCombine-Community */; };
		DB943D38288AD2E90035ECD5 /* FirebaseFirestoreSwift in Frameworks */ = {isa = PBXBuildFile; productRef = DB943D37288AD2E90035ECD5 /* FirebaseFirestoreSwift */; };
		DB943D3A288AD2E90035ECD5 /* FirebaseStorage in Frameworks */ = {isa = PBXBuildFile; productRef = DB943D39288AD2E90035ECD5 /* FirebaseStorage */; };
		DBC23F80288F37F20057CD20 /* CategoriesSheetView.swift in Sources */ = {isa = PBXBuildFile; fileRef = DBC23F7F288F37F20057CD20 /* CategoriesSheetView.swift */; };
		DBC23F83288F40220057CD20 /* HalfASheet in Frameworks */ = {isa = PBXBuildFile; productRef = DBC23F82288F40220057CD20 /* HalfASheet */; };
		DBC23F85289025AC0057CD20 /* ErrorCard.swift in Sources */ = {isa = PBXBuildFile; fileRef = DBC23F84289025AC0057CD20 /* ErrorCard.swift */; };
		DBC23F8728902D930057CD20 /* MealCard.swift in Sources */ = {isa = PBXBuildFile; fileRef = DBC23F8628902D930057CD20 /* MealCard.swift */; };
		DBC23F8928912E4A0057CD20 /* NavigationBar.swift in Sources */ = {isa = PBXBuildFile; fileRef = DBC23F8828912E4A0057CD20 /* NavigationBar.swift */; };
/* End PBXBuildFile section */

/* Begin PBXFileReference section */
		DB2499E0288BEDC700B35BDE /* AuthVM.swift */ = {isa = PBXFileReference; lastKnownFileType = sourcecode.swift; path = AuthVM.swift; sourceTree = "<group>"; };
		DB2499E3288BEEB400B35BDE /* Application.swift */ = {isa = PBXFileReference; lastKnownFileType = sourcecode.swift; path = Application.swift; sourceTree = "<group>"; };
		DB2499E5288BFA7900B35BDE /* AuthView.swift */ = {isa = PBXFileReference; lastKnownFileType = sourcecode.swift; path = AuthView.swift; sourceTree = "<group>"; };
		DB2499E8288BFCAA00B35BDE /* HomeView.swift */ = {isa = PBXFileReference; lastKnownFileType = sourcecode.swift; path = HomeView.swift; sourceTree = "<group>"; };
		DB2499EE288C4FD900B35BDE /* HomeHeader.swift */ = {isa = PBXFileReference; lastKnownFileType = sourcecode.swift; path = HomeHeader.swift; sourceTree = "<group>"; };
		DB2499F0288C72AB00B35BDE /* FetchData.swift */ = {isa = PBXFileReference; lastKnownFileType = sourcecode.swift; path = FetchData.swift; sourceTree = "<group>"; };
		DB2499F2288C730F00B35BDE /* HomeVM.swift */ = {isa = PBXFileReference; lastKnownFileType = sourcecode.swift; path = HomeVM.swift; sourceTree = "<group>"; };
		DB2499F5288D5FEB00B35BDE /* Constants.swift */ = {isa = PBXFileReference; lastKnownFileType = sourcecode.swift; path = Constants.swift; sourceTree = "<group>"; };
		DB2499F8288D626200B35BDE /* APIModel.swift */ = {isa = PBXFileReference; lastKnownFileType = sourcecode.swift; path = APIModel.swift; sourceTree = "<group>"; };
		DB2499FA288D66B000B35BDE /* LoadingIndicator.swift */ = {isa = PBXFileReference; lastKnownFileType = sourcecode.swift; path = LoadingIndicator.swift; sourceTree = "<group>"; };
		DB2499FC288D6FD200B35BDE /* Categories.swift */ = {isa = PBXFileReference; lastKnownFileType = sourcecode.swift; path = Categories.swift; sourceTree = "<group>"; };
		DB2499FE288D76A700B35BDE /* ProfileView.swift */ = {isa = PBXFileReference; lastKnownFileType = sourcecode.swift; path = ProfileView.swift; sourceTree = "<group>"; };
		DB249A00288D8F3200B35BDE /* FeaturedMealCard.swift */ = {isa = PBXFileReference; lastKnownFileType = sourcecode.swift; path = FeaturedMealCard.swift; sourceTree = "<group>"; };
		DB249A04288ECE3E00B35BDE /* RecipeDetailsView.swift */ = {isa = PBXFileReference; lastKnownFileType = sourcecode.swift; path = RecipeDetailsView.swift; sourceTree = "<group>"; };
		DB249A06288ED32800B35BDE /* NutrientStickers.swift */ = {isa = PBXFileReference; lastKnownFileType = sourcecode.swift; path = NutrientStickers.swift; sourceTree = "<group>"; };
		DB9198D0288AB21C00E66A64 /* Yummies.app */ = {isa = PBXFileReference; explicitFileType = wrapper.application; includeInIndex = 0; path = Yummies.app; sourceTree = BUILT_PRODUCTS_DIR; };
		DB9198D3288AB21C00E66A64 /* YummiesApp.swift */ = {isa = PBXFileReference; lastKnownFileType = sourcecode.swift; path = YummiesApp.swift; sourceTree = "<group>"; };
		DB9198D5288AB21C00E66A64 /* ContentView.swift */ = {isa = PBXFileReference; lastKnownFileType = sourcecode.swift; path = ContentView.swift; sourceTree = "<group>"; };
		DB9198D7288AB21F00E66A64 /* Assets.xcassets */ = {isa = PBXFileReference; lastKnownFileType = folder.assetcatalog; path = Assets.xcassets; sourceTree = "<group>"; };
		DB9198DA288AB21F00E66A64 /* Preview Assets.xcassets */ = {isa = PBXFileReference; lastKnownFileType = folder.assetcatalog; path = "Preview Assets.xcassets"; sourceTree = "<group>"; };
		DB943D2C288AD18B0035ECD5 /* GoogleService-Info.plist */ = {isa = PBXFileReference; fileEncoding = 4; lastKnownFileType = text.plist.xml; path = "GoogleService-Info.plist"; sourceTree = "<group>"; };
		DB943D3B288AD4860035ECD5 /* Info.plist */ = {isa = PBXFileReference; lastKnownFileType = text.plist; path = Info.plist; sourceTree = "<group>"; };
		DBC23F7F288F37F20057CD20 /* CategoriesSheetView.swift */ = {isa = PBXFileReference; lastKnownFileType = sourcecode.swift; path = CategoriesSheetView.swift; sourceTree = "<group>"; };
		DBC23F84289025AC0057CD20 /* ErrorCard.swift */ = {isa = PBXFileReference; lastKnownFileType = sourcecode.swift; path = ErrorCard.swift; sourceTree = "<group>"; };
		DBC23F8628902D930057CD20 /* MealCard.swift */ = {isa = PBXFileReference; lastKnownFileType = sourcecode.swift; path = MealCard.swift; sourceTree = "<group>"; };
		DBC23F8828912E4A0057CD20 /* NavigationBar.swift */ = {isa = PBXFileReference; lastKnownFileType = sourcecode.swift; path = NavigationBar.swift; sourceTree = "<group>"; };
/* End PBXFileReference section */

/* Begin PBXFrameworksBuildPhase section */
		DB9198CD288AB21C00E66A64 /* Frameworks */ = {
			isa = PBXFrameworksBuildPhase;
			buildActionMask = 2147483647;
			files = (
				DB943D38288AD2E90035ECD5 /* FirebaseFirestoreSwift in Frameworks */,
				DB2499EC288C104400B35BDE /* FirebaseService in Frameworks */,
				DB943D32288AD2E90035ECD5 /* FirebaseDatabase in Frameworks */,
				DB943D36288AD2E90035ECD5 /* FirebaseFirestoreCombine-Community in Frameworks */,
				DB943D30288AD2E90035ECD5 /* FirebaseAuth in Frameworks */,
				DBC23F83288F40220057CD20 /* HalfASheet in Frameworks */,
				DB943D34288AD2E90035ECD5 /* FirebaseFirestore in Frameworks */,
				DB943D3A288AD2E90035ECD5 /* FirebaseStorage in Frameworks */,
				DB2499DF288BECD000B35BDE /* GoogleSignIn in Frameworks */,
			);
			runOnlyForDeploymentPostprocessing = 0;
		};
/* End PBXFrameworksBuildPhase section */

/* Begin PBXGroup section */
		DB2499E2288BEEA100B35BDE /* Utilities */ = {
			isa = PBXGroup;
			children = (
				DB2499E3288BEEB400B35BDE /* Application.swift */,
				DB2499F0288C72AB00B35BDE /* FetchData.swift */,
			);
			path = Utilities;
			sourceTree = "<group>";
		};
		DB2499ED288C4FC500B35BDE /* Components */ = {
			isa = PBXGroup;
			children = (
				DB2499EE288C4FD900B35BDE /* HomeHeader.swift */,
				DB2499FA288D66B000B35BDE /* LoadingIndicator.swift */,
				DB249A00288D8F3200B35BDE /* FeaturedMealCard.swift */,
				DB249A06288ED32800B35BDE /* NutrientStickers.swift */,
				DBC23F84289025AC0057CD20 /* ErrorCard.swift */,
				DBC23F8628902D930057CD20 /* MealCard.swift */,
				DBC23F8828912E4A0057CD20 /* NavigationBar.swift */,
			);
			path = Components;
			sourceTree = "<group>";
		};
		DB2499F4288D5FD800B35BDE /* Constants */ = {
			isa = PBXGroup;
			children = (
				DB2499F5288D5FEB00B35BDE /* Constants.swift */,
			);
			path = Constants;
			sourceTree = "<group>";
		};
		DB2499F7288D623100B35BDE /* Models */ = {
			isa = PBXGroup;
			children = (
				DB2499F8288D626200B35BDE /* APIModel.swift */,
				DB2499FC288D6FD200B35BDE /* Categories.swift */,
			);
			path = Models;
			sourceTree = "<group>";
		};
		DB9198C7288AB21C00E66A64 = {
			isa = PBXGroup;
			children = (
				DB9198D2288AB21C00E66A64 /* Yummies */,
				DB9198D1288AB21C00E66A64 /* Products */,
			);
			sourceTree = "<group>";
		};
		DB9198D1288AB21C00E66A64 /* Products */ = {
			isa = PBXGroup;
			children = (
				DB9198D0288AB21C00E66A64 /* Yummies.app */,
			);
			name = Products;
			sourceTree = "<group>";
		};
		DB9198D2288AB21C00E66A64 /* Yummies */ = {
			isa = PBXGroup;
			children = (
				DB943D2B288ACAE40035ECD5 /* Views */,
				DB943D3C288AD4B00035ECD5 /* ViewModels */,
				DB2499ED288C4FC500B35BDE /* Components */,
				DB2499F7288D623100B35BDE /* Models */,
				DB2499F4288D5FD800B35BDE /* Constants */,
				DB2499E2288BEEA100B35BDE /* Utilities */,
				DB9198D3288AB21C00E66A64 /* YummiesApp.swift */,
				DB9198D5288AB21C00E66A64 /* ContentView.swift */,
				DB9198D7288AB21F00E66A64 /* Assets.xcassets */,
				DB943D2C288AD18B0035ECD5 /* GoogleService-Info.plist */,
				DB943D3B288AD4860035ECD5 /* Info.plist */,
				DB9198D9288AB21F00E66A64 /* Preview Content */,
			);
			path = Yummies;
			sourceTree = "<group>";
		};
		DB9198D9288AB21F00E66A64 /* Preview Content */ = {
			isa = PBXGroup;
			children = (
				DB9198DA288AB21F00E66A64 /* Preview Assets.xcassets */,
			);
			path = "Preview Content";
			sourceTree = "<group>";
		};
		DB943D2B288ACAE40035ECD5 /* Views */ = {
			isa = PBXGroup;
			children = (
				DB2499E5288BFA7900B35BDE /* AuthView.swift */,
				DB2499E8288BFCAA00B35BDE /* HomeView.swift */,
				DB2499FE288D76A700B35BDE /* ProfileView.swift */,
				DB249A04288ECE3E00B35BDE /* RecipeDetailsView.swift */,
				DBC23F7F288F37F20057CD20 /* CategoriesSheetView.swift */,
			);
			path = Views;
			sourceTree = "<group>";
		};
		DB943D3C288AD4B00035ECD5 /* ViewModels */ = {
			isa = PBXGroup;
			children = (
				DB2499E0288BEDC700B35BDE /* AuthVM.swift */,
				DB2499F2288C730F00B35BDE /* HomeVM.swift */,
			);
			path = ViewModels;
			sourceTree = "<group>";
		};
/* End PBXGroup section */

/* Begin PBXNativeTarget section */
		DB9198CF288AB21C00E66A64 /* Yummies */ = {
			isa = PBXNativeTarget;
			buildConfigurationList = DB9198DE288AB21F00E66A64 /* Build configuration list for PBXNativeTarget "Yummies" */;
			buildPhases = (
				DB9198CC288AB21C00E66A64 /* Sources */,
				DB9198CD288AB21C00E66A64 /* Frameworks */,
				DB9198CE288AB21C00E66A64 /* Resources */,
			);
			buildRules = (
			);
			dependencies = (
			);
			name = Yummies;
			packageProductDependencies = (
				DB943D2F288AD2E90035ECD5 /* FirebaseAuth */,
				DB943D31288AD2E90035ECD5 /* FirebaseDatabase */,
				DB943D33288AD2E90035ECD5 /* FirebaseFirestore */,
				DB943D35288AD2E90035ECD5 /* FirebaseFirestoreCombine-Community */,
				DB943D37288AD2E90035ECD5 /* FirebaseFirestoreSwift */,
				DB943D39288AD2E90035ECD5 /* FirebaseStorage */,
				DB2499DE288BECD000B35BDE /* GoogleSignIn */,
				DB2499EB288C104400B35BDE /* FirebaseService */,
				DBC23F82288F40220057CD20 /* HalfASheet */,
			);
			productName = Yummies;
			productReference = DB9198D0288AB21C00E66A64 /* Yummies.app */;
			productType = "com.apple.product-type.application";
		};
/* End PBXNativeTarget section */

/* Begin PBXProject section */
		DB9198C8288AB21C00E66A64 /* Project object */ = {
			isa = PBXProject;
			attributes = {
				BuildIndependentTargetsInParallel = 1;
				LastSwiftUpdateCheck = 1400;
				LastUpgradeCheck = 1400;
				TargetAttributes = {
					DB9198CF288AB21C00E66A64 = {
						CreatedOnToolsVersion = 14.0;
					};
				};
			};
			buildConfigurationList = DB9198CB288AB21C00E66A64 /* Build configuration list for PBXProject "Yummies" */;
			compatibilityVersion = "Xcode 14.0";
			developmentRegion = en;
			hasScannedForEncodings = 0;
			knownRegions = (
				en,
				Base,
			);
			mainGroup = DB9198C7288AB21C00E66A64;
			packageReferences = (
				DB943D2E288AD2E90035ECD5 /* XCRemoteSwiftPackageReference "firebase-ios-sdk" */,
				DB2499DD288BECD000B35BDE /* XCRemoteSwiftPackageReference "GoogleSignin-iOS" */,
				DB2499EA288C104400B35BDE /* XCRemoteSwiftPackageReference "FIrebaseService" */,
				DBC23F81288F40220057CD20 /* XCRemoteSwiftPackageReference "HalfASheet" */,
			);
			productRefGroup = DB9198D1288AB21C00E66A64 /* Products */;
			projectDirPath = "";
			projectRoot = "";
			targets = (
				DB9198CF288AB21C00E66A64 /* Yummies */,
			);
		};
/* End PBXProject section */

/* Begin PBXResourcesBuildPhase section */
		DB9198CE288AB21C00E66A64 /* Resources */ = {
			isa = PBXResourcesBuildPhase;
			buildActionMask = 2147483647;
			files = (
				DB9198DB288AB21F00E66A64 /* Preview Assets.xcassets in Resources */,
				DB9198D8288AB21F00E66A64 /* Assets.xcassets in Resources */,
				DB943D2D288AD18B0035ECD5 /* GoogleService-Info.plist in Resources */,
			);
			runOnlyForDeploymentPostprocessing = 0;
		};
/* End PBXResourcesBuildPhase section */

/* Begin PBXSourcesBuildPhase section */
		DB9198CC288AB21C00E66A64 /* Sources */ = {
			isa = PBXSourcesBuildPhase;
			buildActionMask = 2147483647;
			files = (
				DB2499FB288D66B000B35BDE /* LoadingIndicator.swift in Sources */,
				DB2499E4288BEEB400B35BDE /* Application.swift in Sources */,
				DB2499F3288C730F00B35BDE /* HomeVM.swift in Sources */,
				DB9198D6288AB21C00E66A64 /* ContentView.swift in Sources */,
				DB9198D4288AB21C00E66A64 /* YummiesApp.swift in Sources */,
				DB249A01288D8F3200B35BDE /* FeaturedMealCard.swift in Sources */,
				DB2499F9288D626200B35BDE /* APIModel.swift in Sources */,
				DB2499E9288BFCAA00B35BDE /* HomeView.swift in Sources */,
				DB2499F6288D5FEB00B35BDE /* Constants.swift in Sources */,
				DB2499EF288C4FD900B35BDE /* HomeHeader.swift in Sources */,
				DBC23F8728902D930057CD20 /* MealCard.swift in Sources */,
				DBC23F8928912E4A0057CD20 /* NavigationBar.swift in Sources */,
				DB2499E1288BEDC700B35BDE /* AuthVM.swift in Sources */,
				DB249A05288ECE3E00B35BDE /* RecipeDetailsView.swift in Sources */,
				DBC23F80288F37F20057CD20 /* CategoriesSheetView.swift in Sources */,
				DB2499F1288C72AB00B35BDE /* FetchData.swift in Sources */,
				DBC23F85289025AC0057CD20 /* ErrorCard.swift in Sources */,
				DB249A07288ED32800B35BDE /* NutrientStickers.swift in Sources */,
				DB2499E6288BFA7900B35BDE /* AuthView.swift in Sources */,
				DB2499FF288D76A700B35BDE /* ProfileView.swift in Sources */,
				DB2499FD288D6FD200B35BDE /* Categories.swift in Sources */,
			);
			runOnlyForDeploymentPostprocessing = 0;
		};
/* End PBXSourcesBuildPhase section */

/* Begin XCBuildConfiguration section */
		DB9198DC288AB21F00E66A64 /* Debug */ = {
			isa = XCBuildConfiguration;
			buildSettings = {
				ALWAYS_SEARCH_USER_PATHS = NO;
				CLANG_ANALYZER_NONNULL = YES;
				CLANG_ANALYZER_NUMBER_OBJECT_CONVERSION = YES_AGGRESSIVE;
				CLANG_CXX_LANGUAGE_STANDARD = "gnu++17";
				CLANG_ENABLE_MODULES = YES;
				CLANG_ENABLE_OBJC_ARC = YES;
				CLANG_ENABLE_OBJC_WEAK = YES;
				CLANG_WARN_BLOCK_CAPTURE_AUTORELEASING = YES;
				CLANG_WARN_BOOL_CONVERSION = YES;
				CLANG_WARN_COMMA = YES;
				CLANG_WARN_CONSTANT_CONVERSION = YES;
				CLANG_WARN_DEPRECATED_OBJC_IMPLEMENTATIONS = YES;
				CLANG_WARN_DIRECT_OBJC_ISA_USAGE = YES_ERROR;
				CLANG_WARN_DOCUMENTATION_COMMENTS = YES;
				CLANG_WARN_EMPTY_BODY = YES;
				CLANG_WARN_ENUM_CONVERSION = YES;
				CLANG_WARN_INFINITE_RECURSION = YES;
				CLANG_WARN_INT_CONVERSION = YES;
				CLANG_WARN_NON_LITERAL_NULL_CONVERSION = YES;
				CLANG_WARN_OBJC_IMPLICIT_RETAIN_SELF = YES;
				CLANG_WARN_OBJC_LITERAL_CONVERSION = YES;
				CLANG_WARN_OBJC_ROOT_CLASS = YES_ERROR;
				CLANG_WARN_QUOTED_INCLUDE_IN_FRAMEWORK_HEADER = YES;
				CLANG_WARN_RANGE_LOOP_ANALYSIS = YES;
				CLANG_WARN_STRICT_PROTOTYPES = YES;
				CLANG_WARN_SUSPICIOUS_MOVE = YES;
				CLANG_WARN_UNGUARDED_AVAILABILITY = YES_AGGRESSIVE;
				CLANG_WARN_UNREACHABLE_CODE = YES;
				CLANG_WARN__DUPLICATE_METHOD_MATCH = YES;
				COPY_PHASE_STRIP = NO;
				DEBUG_INFORMATION_FORMAT = dwarf;
				ENABLE_STRICT_OBJC_MSGSEND = YES;
				ENABLE_TESTABILITY = YES;
				GCC_C_LANGUAGE_STANDARD = gnu11;
				GCC_DYNAMIC_NO_PIC = NO;
				GCC_NO_COMMON_BLOCKS = YES;
				GCC_OPTIMIZATION_LEVEL = 0;
				GCC_PREPROCESSOR_DEFINITIONS = (
					"DEBUG=1",
					"$(inherited)",
				);
				GCC_WARN_64_TO_32_BIT_CONVERSION = YES;
				GCC_WARN_ABOUT_RETURN_TYPE = YES_ERROR;
				GCC_WARN_UNDECLARED_SELECTOR = YES;
				GCC_WARN_UNINITIALIZED_AUTOS = YES_AGGRESSIVE;
				GCC_WARN_UNUSED_FUNCTION = YES;
				GCC_WARN_UNUSED_VARIABLE = YES;
				IPHONEOS_DEPLOYMENT_TARGET = 16.0;
				MTL_ENABLE_DEBUG_INFO = INCLUDE_SOURCE;
				MTL_FAST_MATH = YES;
				ONLY_ACTIVE_ARCH = YES;
				SDKROOT = iphoneos;
				SWIFT_ACTIVE_COMPILATION_CONDITIONS = DEBUG;
				SWIFT_OPTIMIZATION_LEVEL = "-Onone";
			};
			name = Debug;
		};
		DB9198DD288AB21F00E66A64 /* Release */ = {
			isa = XCBuildConfiguration;
			buildSettings = {
				ALWAYS_SEARCH_USER_PATHS = NO;
				CLANG_ANALYZER_NONNULL = YES;
				CLANG_ANALYZER_NUMBER_OBJECT_CONVERSION = YES_AGGRESSIVE;
				CLANG_CXX_LANGUAGE_STANDARD = "gnu++17";
				CLANG_ENABLE_MODULES = YES;
				CLANG_ENABLE_OBJC_ARC = YES;
				CLANG_ENABLE_OBJC_WEAK = YES;
				CLANG_WARN_BLOCK_CAPTURE_AUTORELEASING = YES;
				CLANG_WARN_BOOL_CONVERSION = YES;
				CLANG_WARN_COMMA = YES;
				CLANG_WARN_CONSTANT_CONVERSION = YES;
				CLANG_WARN_DEPRECATED_OBJC_IMPLEMENTATIONS = YES;
				CLANG_WARN_DIRECT_OBJC_ISA_USAGE = YES_ERROR;
				CLANG_WARN_DOCUMENTATION_COMMENTS = YES;
				CLANG_WARN_EMPTY_BODY = YES;
				CLANG_WARN_ENUM_CONVERSION = YES;
				CLANG_WARN_INFINITE_RECURSION = YES;
				CLANG_WARN_INT_CONVERSION = YES;
				CLANG_WARN_NON_LITERAL_NULL_CONVERSION = YES;
				CLANG_WARN_OBJC_IMPLICIT_RETAIN_SELF = YES;
				CLANG_WARN_OBJC_LITERAL_CONVERSION = YES;
				CLANG_WARN_OBJC_ROOT_CLASS = YES_ERROR;
				CLANG_WARN_QUOTED_INCLUDE_IN_FRAMEWORK_HEADER = YES;
				CLANG_WARN_RANGE_LOOP_ANALYSIS = YES;
				CLANG_WARN_STRICT_PROTOTYPES = YES;
				CLANG_WARN_SUSPICIOUS_MOVE = YES;
				CLANG_WARN_UNGUARDED_AVAILABILITY = YES_AGGRESSIVE;
				CLANG_WARN_UNREACHABLE_CODE = YES;
				CLANG_WARN__DUPLICATE_METHOD_MATCH = YES;
				COPY_PHASE_STRIP = NO;
				DEBUG_INFORMATION_FORMAT = "dwarf-with-dsym";
				ENABLE_NS_ASSERTIONS = NO;
				ENABLE_STRICT_OBJC_MSGSEND = YES;
				GCC_C_LANGUAGE_STANDARD = gnu11;
				GCC_NO_COMMON_BLOCKS = YES;
				GCC_WARN_64_TO_32_BIT_CONVERSION = YES;
				GCC_WARN_ABOUT_RETURN_TYPE = YES_ERROR;
				GCC_WARN_UNDECLARED_SELECTOR = YES;
				GCC_WARN_UNINITIALIZED_AUTOS = YES_AGGRESSIVE;
				GCC_WARN_UNUSED_FUNCTION = YES;
				GCC_WARN_UNUSED_VARIABLE = YES;
				IPHONEOS_DEPLOYMENT_TARGET = 16.0;
				MTL_ENABLE_DEBUG_INFO = NO;
				MTL_FAST_MATH = YES;
				SDKROOT = iphoneos;
				SWIFT_COMPILATION_MODE = wholemodule;
				SWIFT_OPTIMIZATION_LEVEL = "-O";
				VALIDATE_PRODUCT = YES;
			};
			name = Release;
		};
		DB9198DF288AB21F00E66A64 /* Debug */ = {
			isa = XCBuildConfiguration;
			buildSettings = {
				ASSETCATALOG_COMPILER_APPICON_NAME = AppIcon;
				ASSETCATALOG_COMPILER_GLOBAL_ACCENT_COLOR_NAME = AccentColor;
				CODE_SIGN_STYLE = Automatic;
				CURRENT_PROJECT_VERSION = 1;
				DEVELOPMENT_ASSET_PATHS = "\"Yummies/Preview Content\"";
				DEVELOPMENT_TEAM = BB4F34LK44;
				ENABLE_PREVIEWS = YES;
				GENERATE_INFOPLIST_FILE = YES;
				INFOPLIST_FILE = Yummies/Info.plist;
				INFOPLIST_KEY_UIApplicationSceneManifest_Generation = YES;
				INFOPLIST_KEY_UIApplicationSupportsIndirectInputEvents = YES;
				INFOPLIST_KEY_UILaunchScreen_Generation = YES;
				INFOPLIST_KEY_UISupportedInterfaceOrientations_iPad = "UIInterfaceOrientationPortrait UIInterfaceOrientationPortraitUpsideDown UIInterfaceOrientationLandscapeLeft UIInterfaceOrientationLandscapeRight";
				INFOPLIST_KEY_UISupportedInterfaceOrientations_iPhone = "UIInterfaceOrientationPortrait UIInterfaceOrientationLandscapeLeft UIInterfaceOrientationLandscapeRight";
				IPHONEOS_DEPLOYMENT_TARGET = 16.0;
				LD_RUNPATH_SEARCH_PATHS = (
					"$(inherited)",
					"@executable_path/Frameworks",
				);
				MARKETING_VERSION = 1.0;
				PRODUCT_BUNDLE_IDENTIFIER = com.YavorRadulov.Yummies;
				PRODUCT_NAME = "$(TARGET_NAME)";
				SWIFT_EMIT_LOC_STRINGS = YES;
				SWIFT_VERSION = 5.0;
				TARGETED_DEVICE_FAMILY = "1,2";
			};
			name = Debug;
		};
		DB9198E0288AB21F00E66A64 /* Release */ = {
			isa = XCBuildConfiguration;
			buildSettings = {
				ASSETCATALOG_COMPILER_APPICON_NAME = AppIcon;
				ASSETCATALOG_COMPILER_GLOBAL_ACCENT_COLOR_NAME = AccentColor;
				CODE_SIGN_STYLE = Automatic;
				CURRENT_PROJECT_VERSION = 1;
				DEVELOPMENT_ASSET_PATHS = "\"Yummies/Preview Content\"";
				DEVELOPMENT_TEAM = BB4F34LK44;
				ENABLE_PREVIEWS = YES;
				GENERATE_INFOPLIST_FILE = YES;
				INFOPLIST_FILE = Yummies/Info.plist;
				INFOPLIST_KEY_UIApplicationSceneManifest_Generation = YES;
				INFOPLIST_KEY_UIApplicationSupportsIndirectInputEvents = YES;
				INFOPLIST_KEY_UILaunchScreen_Generation = YES;
				INFOPLIST_KEY_UISupportedInterfaceOrientations_iPad = "UIInterfaceOrientationPortrait UIInterfaceOrientationPortraitUpsideDown UIInterfaceOrientationLandscapeLeft UIInterfaceOrientationLandscapeRight";
				INFOPLIST_KEY_UISupportedInterfaceOrientations_iPhone = "UIInterfaceOrientationPortrait UIInterfaceOrientationLandscapeLeft UIInterfaceOrientationLandscapeRight";
				IPHONEOS_DEPLOYMENT_TARGET = 16.0;
				LD_RUNPATH_SEARCH_PATHS = (
					"$(inherited)",
					"@executable_path/Frameworks",
				);
				MARKETING_VERSION = 1.0;
				PRODUCT_BUNDLE_IDENTIFIER = com.YavorRadulov.Yummies;
				PRODUCT_NAME = "$(TARGET_NAME)";
				SWIFT_EMIT_LOC_STRINGS = YES;
				SWIFT_VERSION = 5.0;
				TARGETED_DEVICE_FAMILY = "1,2";
			};
			name = Release;
		};
/* End XCBuildConfiguration section */

/* Begin XCConfigurationList section */
		DB9198CB288AB21C00E66A64 /* Build configuration list for PBXProject "Yummies" */ = {
			isa = XCConfigurationList;
			buildConfigurations = (
				DB9198DC288AB21F00E66A64 /* Debug */,
				DB9198DD288AB21F00E66A64 /* Release */,
			);
			defaultConfigurationIsVisible = 0;
			defaultConfigurationName = Release;
		};
		DB9198DE288AB21F00E66A64 /* Build configuration list for PBXNativeTarget "Yummies" */ = {
			isa = XCConfigurationList;
			buildConfigurations = (
				DB9198DF288AB21F00E66A64 /* Debug */,
				DB9198E0288AB21F00E66A64 /* Release */,
			);
			defaultConfigurationIsVisible = 0;
			defaultConfigurationName = Release;
		};
/* End XCConfigurationList section */

/* Begin XCRemoteSwiftPackageReference section */
		DB2499DD288BECD000B35BDE /* XCRemoteSwiftPackageReference "GoogleSignin-iOS" */ = {
			isa = XCRemoteSwiftPackageReference;
			repositoryURL = "https://github.com/google/GoogleSignin-iOS";
			requirement = {
				kind = upToNextMajorVersion;
				minimumVersion = 6.0.0;
			};
		};
		DB2499EA288C104400B35BDE /* XCRemoteSwiftPackageReference "FIrebaseService" */ = {
			isa = XCRemoteSwiftPackageReference;
			repositoryURL = "https://github.com/rebeloper/FIrebaseService.git";
			requirement = {
				kind = upToNextMajorVersion;
				minimumVersion = 2.0.0;
			};
		};
		DB943D2E288AD2E90035ECD5 /* XCRemoteSwiftPackageReference "firebase-ios-sdk" */ = {
			isa = XCRemoteSwiftPackageReference;
			repositoryURL = "https://github.com/firebase/firebase-ios-sdk";
			requirement = {
				kind = upToNextMajorVersion;
				minimumVersion = 9.0.0;
			};
		};
		DBC23F81288F40220057CD20 /* XCRemoteSwiftPackageReference "HalfASheet" */ = {
			isa = XCRemoteSwiftPackageReference;
			repositoryURL = "https://github.com/franklynw/HalfASheet";
			requirement = {
				kind = upToNextMajorVersion;
				minimumVersion = 1.0.0;
			};
		};
/* End XCRemoteSwiftPackageReference section */

/* Begin XCSwiftPackageProductDependency section */
		DB2499DE288BECD000B35BDE /* GoogleSignIn */ = {
			isa = XCSwiftPackageProductDependency;
			package = DB2499DD288BECD000B35BDE /* XCRemoteSwiftPackageReference "GoogleSignin-iOS" */;
			productName = GoogleSignIn;
		};
		DB2499EB288C104400B35BDE /* FirebaseService */ = {
			isa = XCSwiftPackageProductDependency;
			package = DB2499EA288C104400B35BDE /* XCRemoteSwiftPackageReference "FIrebaseService" */;
			productName = FirebaseService;
		};
		DB943D2F288AD2E90035ECD5 /* FirebaseAuth */ = {
			isa = XCSwiftPackageProductDependency;
			package = DB943D2E288AD2E90035ECD5 /* XCRemoteSwiftPackageReference "firebase-ios-sdk" */;
			productName = FirebaseAuth;
		};
		DB943D31288AD2E90035ECD5 /* FirebaseDatabase */ = {
			isa = XCSwiftPackageProductDependency;
			package = DB943D2E288AD2E90035ECD5 /* XCRemoteSwiftPackageReference "firebase-ios-sdk" */;
			productName = FirebaseDatabase;
		};
		DB943D33288AD2E90035ECD5 /* FirebaseFirestore */ = {
			isa = XCSwiftPackageProductDependency;
			package = DB943D2E288AD2E90035ECD5 /* XCRemoteSwiftPackageReference "firebase-ios-sdk" */;
			productName = FirebaseFirestore;
		};
		DB943D35288AD2E90035ECD5 /* FirebaseFirestoreCombine-Community */ = {
			isa = XCSwiftPackageProductDependency;
			package = DB943D2E288AD2E90035ECD5 /* XCRemoteSwiftPackageReference "firebase-ios-sdk" */;
			productName = "FirebaseFirestoreCombine-Community";
		};
		DB943D37288AD2E90035ECD5 /* FirebaseFirestoreSwift */ = {
			isa = XCSwiftPackageProductDependency;
			package = DB943D2E288AD2E90035ECD5 /* XCRemoteSwiftPackageReference "firebase-ios-sdk" */;
			productName = FirebaseFirestoreSwift;
		};
		DB943D39288AD2E90035ECD5 /* FirebaseStorage */ = {
			isa = XCSwiftPackageProductDependency;
			package = DB943D2E288AD2E90035ECD5 /* XCRemoteSwiftPackageReference "firebase-ios-sdk" */;
			productName = FirebaseStorage;
		};
		DBC23F82288F40220057CD20 /* HalfASheet */ = {
			isa = XCSwiftPackageProductDependency;
			package = DBC23F81288F40220057CD20 /* XCRemoteSwiftPackageReference "HalfASheet" */;
			productName = HalfASheet;
		};
/* End XCSwiftPackageProductDependency section */
	};
	rootObject = DB9198C8288AB21C00E66A64 /* Project object */;
}
